
Microsoft Visual Studio Solution File, Format Version 12.00
# Visual Studio Version 18
VisualStudioVersion = 18.0.11121.172 d18.0
MinimumVisualStudioVersion = 10.0.40219.1
Project("{54A90642-561A-4BB1-A94E-469ADEE60C69}") = "cotton.client", "cotton.client\cotton.client.esproj", "{17DF5166-314D-84E5-D4E2-B2002BA08B61}"
EndProject
Project("{FAE04EC0-301F-11D3-BF4B-00C04F79EFBC}") = "Cotton.Server", "Cotton.Server\Cotton.Server.csproj", "{C580B62C-6C38-4373-B39A-42C2330E9511}"
EndProject
Project("{FAE04EC0-301F-11D3-BF4B-00C04F79EFBC}") = "Cotton.Crypto", "Cotton.Crypto\Cotton.Crypto.csproj", "{A017B772-1C61-46B0-8CA3-4B9A693D55ED}"
EndProject
Project("{FAE04EC0-301F-11D3-BF4B-00C04F79EFBC}") = "Cotton.Crypto.Tests", "Cotton.Crypto.Tests\Cotton.Crypto.Tests.csproj", "{65EC62DB-2082-440B-9F24-0194E3706844}"
EndProject
Project("{FAE04EC0-301F-11D3-BF4B-00C04F79EFBC}") = "Cotton.Server.IntegrationTests", "Cotton.Server.IntegrationTests\Cotton.Server.IntegrationTests.csproj", "{1FD12D27-BDD2-414A-8A37-48A105C8E759}"
EndProject
Global
	GlobalSection(SolutionConfigurationPlatforms) = preSolution
		Debug|Any CPU = Debug|Any CPU
		Release|Any CPU = Release|Any CPU
	EndGlobalSection
	GlobalSection(ProjectConfigurationPlatforms) = postSolution
		{17DF5166-314D-84E5-D4E2-B2002BA08B61}.Debug|Any CPU.ActiveCfg = Debug|Any CPU
		{17DF5166-314D-84E5-D4E2-B2002BA08B61}.Debug|Any CPU.Build.0 = Debug|Any CPU
		{17DF5166-314D-84E5-D4E2-B2002BA08B61}.Debug|Any CPU.Deploy.0 = Debug|Any CPU
		{17DF5166-314D-84E5-D4E2-B2002BA08B61}.Release|Any CPU.ActiveCfg = Release|Any CPU
		{17DF5166-314D-84E5-D4E2-B2002BA08B61}.Release|Any CPU.Build.0 = Release|Any CPU
		{17DF5166-314D-84E5-D4E2-B2002BA08B61}.Release|Any CPU.Deploy.0 = Release|Any CPU
		{C580B62C-6C38-4373-B39A-42C2330E9511}.Debug|Any CPU.ActiveCfg = Debug|Any CPU
		{C580B62C-6C38-4373-B39A-42C2330E9511}.Debug|Any CPU.Build.0 = Debug|Any CPU
		{C580B62C-6C38-4373-B39A-42C2330E9511}.Release|Any CPU.ActiveCfg = Release|Any CPU
		{C580B62C-6C38-4373-B39A-42C2330E9511}.Release|Any CPU.Build.0 = Release|Any CPU
		{A017B772-1C61-46B0-8CA3-4B9A693D55ED}.Debug|Any CPU.ActiveCfg = Debug|Any CPU
		{A017B772-1C61-46B0-8CA3-4B9A693D55ED}.Debug|Any CPU.Build.0 = Debug|Any CPU
		{A017B772-1C61-46B0-8CA3-4B9A693D55ED}.Release|Any CPU.ActiveCfg = Release|Any CPU
		{A017B772-1C61-46B0-8CA3-4B9A693D55ED}.Release|Any CPU.Build.0 = Release|Any CPU
		{65EC62DB-2082-440B-9F24-0194E3706844}.Debug|Any CPU.ActiveCfg = Debug|Any CPU
		{65EC62DB-2082-440B-9F24-0194E3706844}.Debug|Any CPU.Build.0 = Debug|Any CPU
		{65EC62DB-2082-440B-9F24-0194E3706844}.Release|Any CPU.ActiveCfg = Release|Any CPU
		{65EC62DB-2082-440B-9F24-0194E3706844}.Release|Any CPU.Build.0 = Release|Any CPU
		{1FD12D27-BDD2-414A-8A37-48A105C8E759}.Debug|Any CPU.ActiveCfg = Debug|Any CPU
		{1FD12D27-BDD2-414A-8A37-48A105C8E759}.Debug|Any CPU.Build.0 = Debug|Any CPU
		{1FD12D27-BDD2-414A-8A37-48A105C8E759}.Release|Any CPU.ActiveCfg = Release|Any CPU
		{1FD12D27-BDD2-414A-8A37-48A105C8E759}.Release|Any CPU.Build.0 = Release|Any CPU
	EndGlobalSection
	GlobalSection(SolutionProperties) = preSolution
		HideSolutionNode = FALSE
	EndGlobalSection
	GlobalSection(ExtensibilityGlobals) = postSolution
		SolutionGuid = {5D7A6BC8-22E3-4AAF-8C63-A0DE90A6BCF0}
	EndGlobalSection
EndGlobal
