
Microsoft Visual Studio Solution File, Format Version 12.00
# Visual Studio Version 18
VisualStudioVersion = 18.0.11121.172
MinimumVisualStudioVersion = 10.0.40219.1
Project("{54A90642-561A-4BB1-A94E-469ADEE60C69}") = "cotton.client", "cotton.client\cotton.client.esproj", "{17DF5166-314D-84E5-D4E2-B2002BA08B61}"
EndProject
Project("{FAE04EC0-301F-11D3-BF4B-00C04F79EFBC}") = "Cotton.Server", "Cotton.Server\Cotton.Server.csproj", "{C580B62C-6C38-4373-B39A-42C2330E9511}"
EndProject
Project("{FAE04EC0-301F-11D3-BF4B-00C04F79EFBC}") = "Cotton.Server.IntegrationTests", "Cotton.Server.IntegrationTests\Cotton.Server.IntegrationTests.csproj", "{1FD12D27-BDD2-414A-8A37-48A105C8E759}"
EndProject
Project("{FAE04EC0-301F-11D3-BF4B-00C04F79EFBC}") = "Cotton.Storage", "Cotton.Storage\Cotton.Storage.csproj", "{5B1149B9-2215-4820-AAA3-90EE127D1B56}"
EndProject
Project("{FAE04EC0-301F-11D3-BF4B-00C04F79EFBC}") = "Cotton.Topology", "Cotton.Topology\Cotton.Topology.csproj", "{FD7FE8A3-7E30-4CC3-B47E-93CE4679E481}"
EndProject
Project("{FAE04EC0-301F-11D3-BF4B-00C04F79EFBC}") = "Cotton.Database", "Cotton.Database\Cotton.Database.csproj", "{3D9DF539-7413-4E0A-A02A-C61B2317B97D}"
EndProject
Project("{FAE04EC0-301F-11D3-BF4B-00C04F79EFBC}") = "Cotton.Validators", "Cotton.Validators\Cotton.Validators.csproj", "{33BB7718-C3F1-4751-A653-A0EAA9167D42}"
EndProject
Project("{2150E333-8FDC-42A3-9474-1A3956D46DE8}") = "Solution Items", "Solution Items", "{D003DB6B-FAC8-4B94-95DE-0B78D67349D1}"
	ProjectSection(SolutionItems) = preProject
		.editorconfig = .editorconfig
	EndProjectSection
EndProject
Project("{FAE04EC0-301F-11D3-BF4B-00C04F79EFBC}") = "Cotton.Autoconfig", "Cotton.Autoconfig\Cotton.Autoconfig.csproj", "{EB6DBA1C-89DF-4B1B-8F3B-B36F0EC7ACC2}"
EndProject
Project("{FAE04EC0-301F-11D3-BF4B-00C04F79EFBC}") = "Cotton.Autoconfig.Tests", "Cotton.Autoconfig.Tests\Cotton.Autoconfig.Tests.csproj", "{472C4C8E-D738-420F-9A5A-E8F246C53CD7}"
EndProject
Project("{FAE04EC0-301F-11D3-BF4B-00C04F79EFBC}") = "Cotton.Storage.Tests", "Cotton.Storage.Tests\Cotton.Storage.Tests.csproj", "{A69C27DE-D249-4EB6-B13F-BFD3CF22BADD}"
EndProject
Project("{FAE04EC0-301F-11D3-BF4B-00C04F79EFBC}") = "Cotton.Benchmark", "Cotton.Benchmark\Cotton.Benchmark.csproj", "{3800777B-898A-4E3C-9A50-514BF795C311}"
EndProject
Project("{FAE04EC0-301F-11D3-BF4B-00C04F79EFBC}") = "Cotton.Previews", "Cotton.Previews\Cotton.Previews.csproj", "{04793D53-0C6C-49F8-B6E9-5DE2768E1B92}"
EndProject
Project("{FAE04EC0-301F-11D3-BF4B-00C04F79EFBC}") = "Cotton.SDK", "Cotton.SDK\Cotton.SDK.csproj", "{AE422E49-2D6B-46A2-A8E6-B3857515E4DD}"
EndProject
Project("{FAE04EC0-301F-11D3-BF4B-00C04F79EFBC}") = "Cotton.Shared", "Cotton.Shared\Cotton.Shared.csproj", "{6A33A06B-7722-4D0B-A5B0-CF7D6BD83767}"
EndProject
Project("{FAE04EC0-301F-11D3-BF4B-00C04F79EFBC}") = "Cotton.SDK.Tests", "Cotton.SDK.Tests\Cotton.SDK.Tests.csproj", "{1F8162C6-D2D7-495D-820A-44B6D79586F7}"
EndProject
Project("{FAE04EC0-301F-11D3-BF4B-00C04F79EFBC}") = "Cotton.Previews.Tests", "Cotton.Previews.Tests\Cotton.Previews.Tests.csproj", "{12234099-ECCD-4A7B-A8E4-A56C71562023}"
EndProject
Global
	GlobalSection(SolutionConfigurationPlatforms) = preSolution
		Debug|Any CPU = Debug|Any CPU
		Release|Any CPU = Release|Any CPU
	EndGlobalSection
	GlobalSection(ProjectConfigurationPlatforms) = postSolution
		{17DF5166-314D-84E5-D4E2-B2002BA08B61}.Debug|Any CPU.ActiveCfg = Debug|Any CPU
		{17DF5166-314D-84E5-D4E2-B2002BA08B61}.Debug|Any CPU.Build.0 = Debug|Any CPU
		{17DF5166-314D-84E5-D4E2-B2002BA08B61}.Debug|Any CPU.Deploy.0 = Debug|Any CPU
		{17DF5166-314D-84E5-D4E2-B2002BA08B61}.Release|Any CPU.ActiveCfg = Release|Any CPU
		{17DF5166-314D-84E5-D4E2-B2002BA08B61}.Release|Any CPU.Build.0 = Release|Any CPU
		{17DF5166-314D-84E5-D4E2-B2002BA08B61}.Release|Any CPU.Deploy.0 = Release|Any CPU
		{C580B62C-6C38-4373-B39A-42C2330E9511}.Debug|Any CPU.ActiveCfg = Debug|Any CPU
		{C580B62C-6C38-4373-B39A-42C2330E9511}.Debug|Any CPU.Build.0 = Debug|Any CPU
		{C580B62C-6C38-4373-B39A-42C2330E9511}.Release|Any CPU.ActiveCfg = Release|Any CPU
		{C580B62C-6C38-4373-B39A-42C2330E9511}.Release|Any CPU.Build.0 = Release|Any CPU
		{1FD12D27-BDD2-414A-8A37-48A105C8E759}.Debug|Any CPU.ActiveCfg = Debug|Any CPU
		{1FD12D27-BDD2-414A-8A37-48A105C8E759}.Debug|Any CPU.Build.0 = Debug|Any CPU
		{1FD12D27-BDD2-414A-8A37-48A105C8E759}.Release|Any CPU.ActiveCfg = Release|Any CPU
		{1FD12D27-BDD2-414A-8A37-48A105C8E759}.Release|Any CPU.Build.0 = Release|Any CPU
		{5B1149B9-2215-4820-AAA3-90EE127D1B56}.Debug|Any CPU.ActiveCfg = Debug|Any CPU
		{5B1149B9-2215-4820-AAA3-90EE127D1B56}.Debug|Any CPU.Build.0 = Debug|Any CPU
		{5B1149B9-2215-4820-AAA3-90EE127D1B56}.Release|Any CPU.ActiveCfg = Release|Any CPU
		{5B1149B9-2215-4820-AAA3-90EE127D1B56}.Release|Any CPU.Build.0 = Release|Any CPU
		{FD7FE8A3-7E30-4CC3-B47E-93CE4679E481}.Debug|Any CPU.ActiveCfg = Debug|Any CPU
		{FD7FE8A3-7E30-4CC3-B47E-93CE4679E481}.Debug|Any CPU.Build.0 = Debug|Any CPU
		{FD7FE8A3-7E30-4CC3-B47E-93CE4679E481}.Release|Any CPU.ActiveCfg = Release|Any CPU
		{FD7FE8A3-7E30-4CC3-B47E-93CE4679E481}.Release|Any CPU.Build.0 = Release|Any CPU
		{3D9DF539-7413-4E0A-A02A-C61B2317B97D}.Debug|Any CPU.ActiveCfg = Debug|Any CPU
		{3D9DF539-7413-4E0A-A02A-C61B2317B97D}.Debug|Any CPU.Build.0 = Debug|Any CPU
		{3D9DF539-7413-4E0A-A02A-C61B2317B97D}.Release|Any CPU.ActiveCfg = Release|Any CPU
		{3D9DF539-7413-4E0A-A02A-C61B2317B97D}.Release|Any CPU.Build.0 = Release|Any CPU
		{33BB7718-C3F1-4751-A653-A0EAA9167D42}.Debug|Any CPU.ActiveCfg = Debug|Any CPU
		{33BB7718-C3F1-4751-A653-A0EAA9167D42}.Debug|Any CPU.Build.0 = Debug|Any CPU
		{33BB7718-C3F1-4751-A653-A0EAA9167D42}.Release|Any CPU.ActiveCfg = Release|Any CPU
		{33BB7718-C3F1-4751-A653-A0EAA9167D42}.Release|Any CPU.Build.0 = Release|Any CPU
		{EB6DBA1C-89DF-4B1B-8F3B-B36F0EC7ACC2}.Debug|Any CPU.ActiveCfg = Debug|Any CPU
		{EB6DBA1C-89DF-4B1B-8F3B-B36F0EC7ACC2}.Debug|Any CPU.Build.0 = Debug|Any CPU
		{EB6DBA1C-89DF-4B1B-8F3B-B36F0EC7ACC2}.Release|Any CPU.ActiveCfg = Release|Any CPU
		{EB6DBA1C-89DF-4B1B-8F3B-B36F0EC7ACC2}.Release|Any CPU.Build.0 = Release|Any CPU
		{472C4C8E-D738-420F-9A5A-E8F246C53CD7}.Debug|Any CPU.ActiveCfg = Debug|Any CPU
		{472C4C8E-D738-420F-9A5A-E8F246C53CD7}.Debug|Any CPU.Build.0 = Debug|Any CPU
		{472C4C8E-D738-420F-9A5A-E8F246C53CD7}.Release|Any CPU.ActiveCfg = Release|Any CPU
		{472C4C8E-D738-420F-9A5A-E8F246C53CD7}.Release|Any CPU.Build.0 = Release|Any CPU
		{A69C27DE-D249-4EB6-B13F-BFD3CF22BADD}.Debug|Any CPU.ActiveCfg = Debug|Any CPU
		{A69C27DE-D249-4EB6-B13F-BFD3CF22BADD}.Debug|Any CPU.Build.0 = Debug|Any CPU
		{A69C27DE-D249-4EB6-B13F-BFD3CF22BADD}.Release|Any CPU.ActiveCfg = Release|Any CPU
		{A69C27DE-D249-4EB6-B13F-BFD3CF22BADD}.Release|Any CPU.Build.0 = Release|Any CPU
		{3800777B-898A-4E3C-9A50-514BF795C311}.Debug|Any CPU.ActiveCfg = Debug|Any CPU
		{3800777B-898A-4E3C-9A50-514BF795C311}.Debug|Any CPU.Build.0 = Debug|Any CPU
		{3800777B-898A-4E3C-9A50-514BF795C311}.Release|Any CPU.ActiveCfg = Release|Any CPU
		{3800777B-898A-4E3C-9A50-514BF795C311}.Release|Any CPU.Build.0 = Release|Any CPU
		{04793D53-0C6C-49F8-B6E9-5DE2768E1B92}.Debug|Any CPU.ActiveCfg = Debug|Any CPU
		{04793D53-0C6C-49F8-B6E9-5DE2768E1B92}.Debug|Any CPU.Build.0 = Debug|Any CPU
		{04793D53-0C6C-49F8-B6E9-5DE2768E1B92}.Release|Any CPU.ActiveCfg = Release|Any CPU
		{04793D53-0C6C-49F8-B6E9-5DE2768E1B92}.Release|Any CPU.Build.0 = Release|Any CPU
		{AE422E49-2D6B-46A2-A8E6-B3857515E4DD}.Debug|Any CPU.ActiveCfg = Debug|Any CPU
		{AE422E49-2D6B-46A2-A8E6-B3857515E4DD}.Debug|Any CPU.Build.0 = Debug|Any CPU
		{AE422E49-2D6B-46A2-A8E6-B3857515E4DD}.Release|Any CPU.ActiveCfg = Release|Any CPU
		{AE422E49-2D6B-46A2-A8E6-B3857515E4DD}.Release|Any CPU.Build.0 = Release|Any CPU
		{6A33A06B-7722-4D0B-A5B0-CF7D6BD83767}.Debug|Any CPU.ActiveCfg = Debug|Any CPU
		{6A33A06B-7722-4D0B-A5B0-CF7D6BD83767}.Debug|Any CPU.Build.0 = Debug|Any CPU
		{6A33A06B-7722-4D0B-A5B0-CF7D6BD83767}.Release|Any CPU.ActiveCfg = Release|Any CPU
		{6A33A06B-7722-4D0B-A5B0-CF7D6BD83767}.Release|Any CPU.Build.0 = Release|Any CPU
		{1F8162C6-D2D7-495D-820A-44B6D79586F7}.Debug|Any CPU.ActiveCfg = Debug|Any CPU
		{1F8162C6-D2D7-495D-820A-44B6D79586F7}.Debug|Any CPU.Build.0 = Debug|Any CPU
		{1F8162C6-D2D7-495D-820A-44B6D79586F7}.Release|Any CPU.ActiveCfg = Release|Any CPU
		{1F8162C6-D2D7-495D-820A-44B6D79586F7}.Release|Any CPU.Build.0 = Release|Any CPU
		{12234099-ECCD-4A7B-A8E4-A56C71562023}.Debug|Any CPU.ActiveCfg = Debug|Any CPU
		{12234099-ECCD-4A7B-A8E4-A56C71562023}.Debug|Any CPU.Build.0 = Debug|Any CPU
		{12234099-ECCD-4A7B-A8E4-A56C71562023}.Release|Any CPU.ActiveCfg = Release|Any CPU
		{12234099-ECCD-4A7B-A8E4-A56C71562023}.Release|Any CPU.Build.0 = Release|Any CPU
	EndGlobalSection
	GlobalSection(SolutionProperties) = preSolution
		HideSolutionNode = FALSE
	EndGlobalSection
	GlobalSection(ExtensibilityGlobals) = postSolution
		SolutionGuid = {5D7A6BC8-22E3-4AAF-8C63-A0DE90A6BCF0}
	EndGlobalSection
EndGlobal
